
Microsoft Visual Studio Solution File, Format Version 12.00
# Visual Studio Version 16
VisualStudioVersion = 16.0.29827.131
MinimumVisualStudioVersion = 10.0.40219.1
Project("{FAE04EC0-301F-11D3-BF4B-00C04F79EFBC}") = "vigilant-train.Web", "vigilant-train.Web\vigilant-train.Web.csproj", "{3B65F21F-F15C-46D5-944D-5D3E3923D5FE}"
EndProject
Global
	GlobalSection(SolutionConfigurationPlatforms) = preSolution
		Debug|Any CPU = Debug|Any CPU
		Release|Any CPU = Release|Any CPU
	EndGlobalSection
	GlobalSection(ProjectConfigurationPlatforms) = postSolution
		{3B65F21F-F15C-46D5-944D-5D3E3923D5FE}.Debug|Any CPU.ActiveCfg = Debug|Any CPU
		{3B65F21F-F15C-46D5-944D-5D3E3923D5FE}.Debug|Any CPU.Build.0 = Debug|Any CPU
		{3B65F21F-F15C-46D5-944D-5D3E3923D5FE}.Release|Any CPU.ActiveCfg = Release|Any CPU
		{3B65F21F-F15C-46D5-944D-5D3E3923D5FE}.Release|Any CPU.Build.0 = Release|Any CPU
	EndGlobalSection
	GlobalSection(SolutionProperties) = preSolution
		HideSolutionNode = FALSE
	EndGlobalSection
	GlobalSection(ExtensibilityGlobals) = postSolution
		SolutionGuid = {3F3FEDDA-CA2C-422B-926D-156C6C8B5AE4}
	EndGlobalSection
EndGlobal
